
Microsoft Visual Studio Solution File, Format Version 12.00
# Visual Studio 2012
Project("{FAE04EC0-301F-11D3-BF4B-00C04F79EFBC}") = "AndroidApp", "AndroidApp\AndroidApp.csproj", "{BD2EAA43-D047-4A71-8BBD-7442D1A8EFED}"
EndProject
Project("{FAE04EC0-301F-11D3-BF4B-00C04F79EFBC}") = "GithubApi", "GithubApi\GithubApi.csproj", "{C34FFB6B-77B1-4D11-B55E-20DF2D2D3075}"
EndProject
Project("{FAE04EC0-301F-11D3-BF4B-00C04F79EFBC}") = "IphoneApp", "IphoneApp\IphoneApp.csproj", "{666E7244-CE58-4D85-897E-752DF41977F3}"
EndProject
Global
	GlobalSection(SolutionConfigurationPlatforms) = preSolution
		Debug|Any CPU = Debug|Any CPU
		Release|Any CPU = Release|Any CPU
		Debug|iPhoneSimulator = Debug|iPhoneSimulator
		Release|iPhoneSimulator = Release|iPhoneSimulator
		Debug|iPhone = Debug|iPhone
		Release|iPhone = Release|iPhone
		Ad-Hoc|iPhone = Ad-Hoc|iPhone
		AppStore|iPhone = AppStore|iPhone
	EndGlobalSection
	GlobalSection(ProjectConfigurationPlatforms) = postSolution
		{666E7244-CE58-4D85-897E-752DF41977F3}.Ad-Hoc|iPhone.ActiveCfg = Ad-Hoc|iPhone
		{666E7244-CE58-4D85-897E-752DF41977F3}.Ad-Hoc|iPhone.Build.0 = Ad-Hoc|iPhone
		{666E7244-CE58-4D85-897E-752DF41977F3}.AppStore|iPhone.ActiveCfg = AppStore|iPhone
		{666E7244-CE58-4D85-897E-752DF41977F3}.AppStore|iPhone.Build.0 = AppStore|iPhone
		{666E7244-CE58-4D85-897E-752DF41977F3}.Debug|Any CPU.ActiveCfg = Debug|iPhoneSimulator
		{666E7244-CE58-4D85-897E-752DF41977F3}.Debug|Any CPU.Build.0 = Debug|iPhoneSimulator
		{666E7244-CE58-4D85-897E-752DF41977F3}.Debug|iPhone.ActiveCfg = Debug|iPhone
		{666E7244-CE58-4D85-897E-752DF41977F3}.Debug|iPhone.Build.0 = Debug|iPhone
		{666E7244-CE58-4D85-897E-752DF41977F3}.Debug|iPhoneSimulator.ActiveCfg = Debug|iPhoneSimulator
		{666E7244-CE58-4D85-897E-752DF41977F3}.Debug|iPhoneSimulator.Build.0 = Debug|iPhoneSimulator
		{666E7244-CE58-4D85-897E-752DF41977F3}.Release|Any CPU.ActiveCfg = Release|iPhoneSimulator
		{666E7244-CE58-4D85-897E-752DF41977F3}.Release|Any CPU.Build.0 = Release|iPhoneSimulator
		{666E7244-CE58-4D85-897E-752DF41977F3}.Release|iPhone.ActiveCfg = Release|iPhone
		{666E7244-CE58-4D85-897E-752DF41977F3}.Release|iPhone.Build.0 = Release|iPhone
		{666E7244-CE58-4D85-897E-752DF41977F3}.Release|iPhoneSimulator.ActiveCfg = Release|iPhoneSimulator
		{666E7244-CE58-4D85-897E-752DF41977F3}.Release|iPhoneSimulator.Build.0 = Release|iPhoneSimulator
		{BD2EAA43-D047-4A71-8BBD-7442D1A8EFED}.Ad-Hoc|iPhone.ActiveCfg = Debug|Any CPU
		{BD2EAA43-D047-4A71-8BBD-7442D1A8EFED}.Ad-Hoc|iPhone.Build.0 = Debug|Any CPU
		{BD2EAA43-D047-4A71-8BBD-7442D1A8EFED}.AppStore|iPhone.ActiveCfg = Debug|Any CPU
		{BD2EAA43-D047-4A71-8BBD-7442D1A8EFED}.AppStore|iPhone.Build.0 = Debug|Any CPU
		{BD2EAA43-D047-4A71-8BBD-7442D1A8EFED}.Debug|Any CPU.ActiveCfg = Debug|Any CPU
		{BD2EAA43-D047-4A71-8BBD-7442D1A8EFED}.Debug|Any CPU.Build.0 = Debug|Any CPU
		{BD2EAA43-D047-4A71-8BBD-7442D1A8EFED}.Debug|iPhone.ActiveCfg = Debug|Any CPU
		{BD2EAA43-D047-4A71-8BBD-7442D1A8EFED}.Debug|iPhone.Build.0 = Debug|Any CPU
		{BD2EAA43-D047-4A71-8BBD-7442D1A8EFED}.Debug|iPhoneSimulator.ActiveCfg = Debug|Any CPU
		{BD2EAA43-D047-4A71-8BBD-7442D1A8EFED}.Debug|iPhoneSimulator.Build.0 = Debug|Any CPU
		{BD2EAA43-D047-4A71-8BBD-7442D1A8EFED}.Release|Any CPU.ActiveCfg = Release|Any CPU
		{BD2EAA43-D047-4A71-8BBD-7442D1A8EFED}.Release|Any CPU.Build.0 = Release|Any CPU
		{BD2EAA43-D047-4A71-8BBD-7442D1A8EFED}.Release|iPhone.ActiveCfg = Release|Any CPU
		{BD2EAA43-D047-4A71-8BBD-7442D1A8EFED}.Release|iPhone.Build.0 = Release|Any CPU
		{BD2EAA43-D047-4A71-8BBD-7442D1A8EFED}.Release|iPhoneSimulator.ActiveCfg = Release|Any CPU
		{BD2EAA43-D047-4A71-8BBD-7442D1A8EFED}.Release|iPhoneSimulator.Build.0 = Release|Any CPU
		{C34FFB6B-77B1-4D11-B55E-20DF2D2D3075}.Ad-Hoc|iPhone.ActiveCfg = Debug|Any CPU
		{C34FFB6B-77B1-4D11-B55E-20DF2D2D3075}.Ad-Hoc|iPhone.Build.0 = Debug|Any CPU
		{C34FFB6B-77B1-4D11-B55E-20DF2D2D3075}.AppStore|iPhone.ActiveCfg = Debug|Any CPU
		{C34FFB6B-77B1-4D11-B55E-20DF2D2D3075}.AppStore|iPhone.Build.0 = Debug|Any CPU
		{C34FFB6B-77B1-4D11-B55E-20DF2D2D3075}.Debug|Any CPU.ActiveCfg = Debug|Any CPU
		{C34FFB6B-77B1-4D11-B55E-20DF2D2D3075}.Debug|Any CPU.Build.0 = Debug|Any CPU
		{C34FFB6B-77B1-4D11-B55E-20DF2D2D3075}.Debug|iPhone.ActiveCfg = Debug|Any CPU
		{C34FFB6B-77B1-4D11-B55E-20DF2D2D3075}.Debug|iPhone.Build.0 = Debug|Any CPU
		{C34FFB6B-77B1-4D11-B55E-20DF2D2D3075}.Debug|iPhoneSimulator.ActiveCfg = Debug|Any CPU
		{C34FFB6B-77B1-4D11-B55E-20DF2D2D3075}.Debug|iPhoneSimulator.Build.0 = Debug|Any CPU
		{C34FFB6B-77B1-4D11-B55E-20DF2D2D3075}.Release|Any CPU.ActiveCfg = Release|Any CPU
		{C34FFB6B-77B1-4D11-B55E-20DF2D2D3075}.Release|Any CPU.Build.0 = Release|Any CPU
		{C34FFB6B-77B1-4D11-B55E-20DF2D2D3075}.Release|iPhone.ActiveCfg = Release|Any CPU
		{C34FFB6B-77B1-4D11-B55E-20DF2D2D3075}.Release|iPhone.Build.0 = Release|Any CPU
		{C34FFB6B-77B1-4D11-B55E-20DF2D2D3075}.Release|iPhoneSimulator.ActiveCfg = Release|Any CPU
		{C34FFB6B-77B1-4D11-B55E-20DF2D2D3075}.Release|iPhoneSimulator.Build.0 = Release|Any CPU
	EndGlobalSection
EndGlobal
